
Microsoft Visual Studio Solution File, Format Version 12.00
# Visual Studio Version 17
VisualStudioVersion = 17.10.34928.147
MinimumVisualStudioVersion = 10.0.40219.1
Project("{8BC9CEB8-8B4A-11D0-8D11-00A0C91BC942}") = "HardwareBackend", "HardwareBackend\HardwareBackend.vcxproj", "{127B95A8-88BA-479E-91AA-C716F8FF656B}"
EndProject
Global
	GlobalSection(SolutionConfigurationPlatforms) = preSolution
		Debug|x64 = Debug|x64
		Debug|x86 = Debug|x86
		Release|x64 = Release|x64
		Release|x86 = Release|x86
	EndGlobalSection
	GlobalSection(ProjectConfigurationPlatforms) = postSolution
		{127B95A8-88BA-479E-91AA-C716F8FF656B}.Debug|x64.ActiveCfg = Debug|x64
		{127B95A8-88BA-479E-91AA-C716F8FF656B}.Debug|x64.Build.0 = Debug|x64
		{127B95A8-88BA-479E-91AA-C716F8FF656B}.Debug|x86.ActiveCfg = Debug|Win32
		{127B95A8-88BA-479E-91AA-C716F8FF656B}.Debug|x86.Build.0 = Debug|Win32
		{127B95A8-88BA-479E-91AA-C716F8FF656B}.Release|x64.ActiveCfg = Release|x64
		{127B95A8-88BA-479E-91AA-C716F8FF656B}.Release|x64.Build.0 = Release|x64
		{127B95A8-88BA-479E-91AA-C716F8FF656B}.Release|x86.ActiveCfg = Release|Win32
		{127B95A8-88BA-479E-91AA-C716F8FF656B}.Release|x86.Build.0 = Release|Win32
	EndGlobalSection
	GlobalSection(SolutionProperties) = preSolution
		HideSolutionNode = FALSE
	EndGlobalSection
	GlobalSection(ExtensibilityGlobals) = postSolution
		SolutionGuid = {741809F5-848B-4D09-B46E-664B5EECF7A4}
	EndGlobalSection
EndGlobal
